
Microsoft Visual Studio Solution File, Format Version 10.00
# Visual Studio 2008
Project("{F184B08F-C81C-45F6-A57F-5ABD9991F28F}") = "dlms", "Driver License Management System\dlms.vbproj", "{196717E0-76E6-435E-A595-4B6799381C8B}"
EndProject
Global
	GlobalSection(SolutionConfigurationPlatforms) = preSolution
		Debug|Any CPU = Debug|Any CPU
		Release|Any CPU = Release|Any CPU
	EndGlobalSection
	GlobalSection(ProjectConfigurationPlatforms) = postSolution
		{196717E0-76E6-435E-A595-4B6799381C8B}.Debug|Any CPU.ActiveCfg = Debug|Any CPU
		{196717E0-76E6-435E-A595-4B6799381C8B}.Debug|Any CPU.Build.0 = Debug|Any CPU
		{196717E0-76E6-435E-A595-4B6799381C8B}.Release|Any CPU.ActiveCfg = Release|Any CPU
		{196717E0-76E6-435E-A595-4B6799381C8B}.Release|Any CPU.Build.0 = Release|Any CPU
	EndGlobalSection
	GlobalSection(SolutionProperties) = preSolution
		HideSolutionNode = FALSE
	EndGlobalSection
EndGlobal
